---
label: ActionTitleBlock
hide_body: true
is_partial: true
fields:
  - type: text
    name: type
    label: Type
    description: The type identifier of this object inside block lists
    hidden: true
    default: actionTitleBlock
    config:
      required: true
  - type: text
    name: title
    label: Title
  - type: text
    name: subtitle
    label: Subtitle
  - type: text
    name: actionTitle
    label: Action title
  - type: text
    name: actionHref
    label: Action href
  - type: text
    name: type
    label: Reference Type Name
    description: Name of the object model if it was referenced
    hidden: true
    default: actionTitleBlock
